// !$*UTF8*$!
{
	archiveVersion = 1;
	classes = {
	};
	objectVersion = 46;
	objects = {

/* Begin PBXBuildFile section */
		0BF665215F038C1314DB9FCB /* Pods_Story_Movie.framework in Frameworks */ = {isa = PBXBuildFile; fileRef = F0990D72D27BA8DE4BAC4BB1 /* Pods_Story_Movie.framework */; };
		1DD7D9483CC55BA332EE6E9F /* Pods_Story_MovieTests.framework in Frameworks */ = {isa = PBXBuildFile; fileRef = 187CF651BD6ADF8AC5B7218B /* Pods_Story_MovieTests.framework */; };
		504485B31E1BFBB60030C6B6 /* TableViewCellDF.swift in Sources */ = {isa = PBXBuildFile; fileRef = 504485B21E1BFBB60030C6B6 /* TableViewCellDF.swift */; };
		504485B51E1BFBED0030C6B6 /* TableViewControllerDF.swift in Sources */ = {isa = PBXBuildFile; fileRef = 504485B41E1BFBED0030C6B6 /* TableViewControllerDF.swift */; };
		504FD0741E83EE6E00D4CF16 /* TableViewControllerStaticDescription.swift in Sources */ = {isa = PBXBuildFile; fileRef = 504FD0731E83EE6E00D4CF16 /* TableViewControllerStaticDescription.swift */; };
		505D35161E36124F00E7D95F /* AudioToolbox.framework in Frameworks */ = {isa = PBXBuildFile; fileRef = 505D35151E36124F00E7D95F /* AudioToolbox.framework */; };
		505D35181E36125C00E7D95F /* CFNetwork.framework in Frameworks */ = {isa = PBXBuildFile; fileRef = 505D35171E36125C00E7D95F /* CFNetwork.framework */; };
		505D351A1E36127400E7D95F /* CoreGraphics.framework in Frameworks */ = {isa = PBXBuildFile; fileRef = 505D35191E36127400E7D95F /* CoreGraphics.framework */; };
		505D351C1E36127E00E7D95F /* QuartzCore.framework in Frameworks */ = {isa = PBXBuildFile; fileRef = 505D351B1E36127E00E7D95F /* QuartzCore.framework */; };
		505D351E1E36128700E7D95F /* Security.framework in Frameworks */ = {isa = PBXBuildFile; fileRef = 505D351D1E36128700E7D95F /* Security.framework */; };
		505D35201E36128F00E7D95F /* StoreKit.framework in Frameworks */ = {isa = PBXBuildFile; fileRef = 505D351F1E36128F00E7D95F /* StoreKit.framework */; };
		505D35221E36129700E7D95F /* SystemConfiguration.framework in Frameworks */ = {isa = PBXBuildFile; fileRef = 505D35211E36129700E7D95F /* SystemConfiguration.framework */; };
		505D35241E3612A600E7D95F /* libz.tbd in Frameworks */ = {isa = PBXBuildFile; fileRef = 505D35231E3612A600E7D95F /* libz.tbd */; };
		505D35261E3612B200E7D95F /* libsqlite3.tbd in Frameworks */ = {isa = PBXBuildFile; fileRef = 505D35251E3612B200E7D95F /* libsqlite3.tbd */; };
		505D35291E36175700E7D95F /* Bolts.framework in Frameworks */ = {isa = PBXBuildFile; fileRef = 505D35271E36175700E7D95F /* Bolts.framework */; };
		505D352A1E36175700E7D95F /* Parse.framework in Frameworks */ = {isa = PBXBuildFile; fileRef = 505D35281E36175700E7D95F /* Parse.framework */; };
		508C8CC71E487ED1003E17CA /* ViewControllerChangeEmail.swift in Sources */ = {isa = PBXBuildFile; fileRef = 508C8CC61E487ED1003E17CA /* ViewControllerChangeEmail.swift */; };
		50C012E51E436161005612D1 /* ViewControllerResertMotDePasse.swift in Sources */ = {isa = PBXBuildFile; fileRef = 50C012E41E436161005612D1 /* ViewControllerResertMotDePasse.swift */; };
		50C01E431E1A86E000E63124 /* TableViewCellPolicy.swift in Sources */ = {isa = PBXBuildFile; fileRef = 50C01E421E1A86E000E63124 /* TableViewCellPolicy.swift */; };
		50C01E451E1A86F500E63124 /* TableViewControllerPolicy.swift in Sources */ = {isa = PBXBuildFile; fileRef = 50C01E441E1A86F500E63124 /* TableViewControllerPolicy.swift */; };
		50EF34951E434467001F81F4 /* ViewControllerProfil.swift in Sources */ = {isa = PBXBuildFile; fileRef = 50EF34941E434467001F81F4 /* ViewControllerProfil.swift */; };
		50EFDB591E141BD800A1445A /* AppDelegate.swift in Sources */ = {isa = PBXBuildFile; fileRef = 50EFDB581E141BD800A1445A /* AppDelegate.swift */; };
		50EFDB5B1E141BD800A1445A /* ViewControllerLogin.swift in Sources */ = {isa = PBXBuildFile; fileRef = 50EFDB5A1E141BD800A1445A /* ViewControllerLogin.swift */; };
		50EFDB5E1E141BD800A1445A /* Main.storyboard in Resources */ = {isa = PBXBuildFile; fileRef = 50EFDB5C1E141BD800A1445A /* Main.storyboard */; };
		50EFDB601E141BD800A1445A /* Assets.xcassets in Resources */ = {isa = PBXBuildFile; fileRef = 50EFDB5F1E141BD800A1445A /* Assets.xcassets */; };
		50EFDB631E141BD800A1445A /* LaunchScreen.storyboard in Resources */ = {isa = PBXBuildFile; fileRef = 50EFDB611E141BD800A1445A /* LaunchScreen.storyboard */; };
		50EFDB6E1E141BD800A1445A /* Story_MovieTests.swift in Sources */ = {isa = PBXBuildFile; fileRef = 50EFDB6D1E141BD800A1445A /* Story_MovieTests.swift */; };
		50EFDB791E141BD800A1445A /* Story_MovieUITests.swift in Sources */ = {isa = PBXBuildFile; fileRef = 50EFDB781E141BD800A1445A /* Story_MovieUITests.swift */; };
		50F0119D1E14266800951E37 /* ViewControllerSignUp.swift in Sources */ = {isa = PBXBuildFile; fileRef = 50F0119C1E14266800951E37 /* ViewControllerSignUp.swift */; };
		50F0119F1E142C6500951E37 /* Constante.swift in Sources */ = {isa = PBXBuildFile; fileRef = 50F0119E1E142C6500951E37 /* Constante.swift */; };
		50F011A11E142CFF00951E37 /* Movie.swift in Sources */ = {isa = PBXBuildFile; fileRef = 50F011A01E142CFF00951E37 /* Movie.swift */; };
		50F011A31E142D1100951E37 /* Categorie.swift in Sources */ = {isa = PBXBuildFile; fileRef = 50F011A21E142D1100951E37 /* Categorie.swift */; };
		50F011A51E14316400951E37 /* TableViewCellDiscover.swift in Sources */ = {isa = PBXBuildFile; fileRef = 50F011A41E14316400951E37 /* TableViewCellDiscover.swift */; };
		50F011A71E1433C700951E37 /* TableViewControllerDiscover.swift in Sources */ = {isa = PBXBuildFile; fileRef = 50F011A61E1433C700951E37 /* TableViewControllerDiscover.swift */; };
		50F011A91E14368D00951E37 /* CollectionViewCellMovie.swift in Sources */ = {isa = PBXBuildFile; fileRef = 50F011A81E14368D00951E37 /* CollectionViewCellMovie.swift */; };
		50F011AB1E14370B00951E37 /* ViewControllerMovie.swift in Sources */ = {isa = PBXBuildFile; fileRef = 50F011AA1E14370B00951E37 /* ViewControllerMovie.swift */; };
		50F011AD1E145D1E00951E37 /* TableViewCellDescription.swift in Sources */ = {isa = PBXBuildFile; fileRef = 50F011AC1E145D1E00951E37 /* TableViewCellDescription.swift */; };
		50F011B11E146AA000951E37 /* CollectionViewCellFavorite.swift in Sources */ = {isa = PBXBuildFile; fileRef = 50F011B01E146AA000951E37 /* CollectionViewCellFavorite.swift */; };
		50F011B31E146AB500951E37 /* ViewControllerFavorite.swift in Sources */ = {isa = PBXBuildFile; fileRef = 50F011B21E146AB500951E37 /* ViewControllerFavorite.swift */; };
		50F011B51E1A557200951E37 /* TableViewControllerAbout.swift in Sources */ = {isa = PBXBuildFile; fileRef = 50F011B41E1A557200951E37 /* TableViewControllerAbout.swift */; };
		7935E92E4E4D35C560EA1130 /* Pods_Story_MovieUITests.framework in Frameworks */ = {isa = PBXBuildFile; fileRef = C78E755EAAB7DBF60A63C6E2 /* Pods_Story_MovieUITests.framework */; };
/* End PBXBuildFile section */

/* Begin PBXContainerItemProxy section */
		50EFDB6A1E141BD800A1445A /* PBXContainerItemProxy */ = {
			isa = PBXContainerItemProxy;
			containerPortal = 50EFDB4D1E141BD800A1445A /* Project object */;
			proxyType = 1;
			remoteGlobalIDString = 50EFDB541E141BD800A1445A;
			remoteInfo = "Story Movie";
		};
		50EFDB751E141BD800A1445A /* PBXContainerItemProxy */ = {
			isa = PBXContainerItemProxy;
			containerPortal = 50EFDB4D1E141BD800A1445A /* Project object */;
			proxyType = 1;
			remoteGlobalIDString = 50EFDB541E141BD800A1445A;
			remoteInfo = "Story Movie";
		};
/* End PBXContainerItemProxy section */

/* Begin PBXFileReference section */
		187CF651BD6ADF8AC5B7218B /* Pods_Story_MovieTests.framework */ = {isa = PBXFileReference; explicitFileType = wrapper.framework; includeInIndex = 0; path = Pods_Story_MovieTests.framework; sourceTree = BUILT_PRODUCTS_DIR; };
		22487B1E2C5F53434482A4CC /* Pods-Story MovieUITests.release.xcconfig */ = {isa = PBXFileReference; includeInIndex = 1; lastKnownFileType = text.xcconfig; name = "Pods-Story MovieUITests.release.xcconfig"; path = "Pods/Target Support Files/Pods-Story MovieUITests/Pods-Story MovieUITests.release.xcconfig"; sourceTree = "<group>"; };
		504485B21E1BFBB60030C6B6 /* TableViewCellDF.swift */ = {isa = PBXFileReference; fileEncoding = 4; lastKnownFileType = sourcecode.swift; path = TableViewCellDF.swift; sourceTree = "<group>"; };
		504485B41E1BFBED0030C6B6 /* TableViewControllerDF.swift */ = {isa = PBXFileReference; fileEncoding = 4; lastKnownFileType = sourcecode.swift; path = TableViewControllerDF.swift; sourceTree = "<group>"; };
		504FD0731E83EE6E00D4CF16 /* TableViewControllerStaticDescription.swift */ = {isa = PBXFileReference; fileEncoding = 4; lastKnownFileType = sourcecode.swift; path = TableViewControllerStaticDescription.swift; sourceTree = "<group>"; };
		505C1C241E575E2A00D192CB /* MRLibrary.playground */ = {isa = PBXFileReference; lastKnownFileType = file.playground; path = MRLibrary.playground; sourceTree = "<group>"; };
		505D35151E36124F00E7D95F /* AudioToolbox.framework */ = {isa = PBXFileReference; lastKnownFileType = wrapper.framework; name = AudioToolbox.framework; path = System/Library/Frameworks/AudioToolbox.framework; sourceTree = SDKROOT; };
		505D35171E36125C00E7D95F /* CFNetwork.framework */ = {isa = PBXFileReference; lastKnownFileType = wrapper.framework; name = CFNetwork.framework; path = System/Library/Frameworks/CFNetwork.framework; sourceTree = SDKROOT; };
		505D35191E36127400E7D95F /* CoreGraphics.framework */ = {isa = PBXFileReference; lastKnownFileType = wrapper.framework; name = CoreGraphics.framework; path = System/Library/Frameworks/CoreGraphics.framework; sourceTree = SDKROOT; };
		505D351B1E36127E00E7D95F /* QuartzCore.framework */ = {isa = PBXFileReference; lastKnownFileType = wrapper.framework; name = QuartzCore.framework; path = System/Library/Frameworks/QuartzCore.framework; sourceTree = SDKROOT; };
		505D351D1E36128700E7D95F /* Security.framework */ = {isa = PBXFileReference; lastKnownFileType = wrapper.framework; name = Security.framework; path = System/Library/Frameworks/Security.framework; sourceTree = SDKROOT; };
		505D351F1E36128F00E7D95F /* StoreKit.framework */ = {isa = PBXFileReference; lastKnownFileType = wrapper.framework; name = StoreKit.framework; path = System/Library/Frameworks/StoreKit.framework; sourceTree = SDKROOT; };
		505D35211E36129700E7D95F /* SystemConfiguration.framework */ = {isa = PBXFileReference; lastKnownFileType = wrapper.framework; name = SystemConfiguration.framework; path = System/Library/Frameworks/SystemConfiguration.framework; sourceTree = SDKROOT; };
		505D35231E3612A600E7D95F /* libz.tbd */ = {isa = PBXFileReference; lastKnownFileType = "sourcecode.text-based-dylib-definition"; name = libz.tbd; path = usr/lib/libz.tbd; sourceTree = SDKROOT; };
		505D35251E3612B200E7D95F /* libsqlite3.tbd */ = {isa = PBXFileReference; lastKnownFileType = "sourcecode.text-based-dylib-definition"; name = libsqlite3.tbd; path = usr/lib/libsqlite3.tbd; sourceTree = SDKROOT; };
		505D35271E36175700E7D95F /* Bolts.framework */ = {isa = PBXFileReference; lastKnownFileType = wrapper.framework; path = Bolts.framework; sourceTree = "<group>"; };
		505D35281E36175700E7D95F /* Parse.framework */ = {isa = PBXFileReference; lastKnownFileType = wrapper.framework; path = Parse.framework; sourceTree = "<group>"; };
		508C8CC61E487ED1003E17CA /* ViewControllerChangeEmail.swift */ = {isa = PBXFileReference; fileEncoding = 4; lastKnownFileType = sourcecode.swift; path = ViewControllerChangeEmail.swift; sourceTree = "<group>"; };
		50C012E41E436161005612D1 /* ViewControllerResertMotDePasse.swift */ = {isa = PBXFileReference; fileEncoding = 4; lastKnownFileType = sourcecode.swift; path = ViewControllerResertMotDePasse.swift; sourceTree = "<group>"; };
		50C01E421E1A86E000E63124 /* TableViewCellPolicy.swift */ = {isa = PBXFileReference; fileEncoding = 4; lastKnownFileType = sourcecode.swift; path = TableViewCellPolicy.swift; sourceTree = "<group>"; };
		50C01E441E1A86F500E63124 /* TableViewControllerPolicy.swift */ = {isa = PBXFileReference; fileEncoding = 4; lastKnownFileType = sourcecode.swift; path = TableViewControllerPolicy.swift; sourceTree = "<group>"; };
		50EF34941E434467001F81F4 /* ViewControllerProfil.swift */ = {isa = PBXFileReference; fileEncoding = 4; lastKnownFileType = sourcecode.swift; path = ViewControllerProfil.swift; sourceTree = "<group>"; };
		50EFDB551E141BD800A1445A /* Story Movie.app */ = {isa = PBXFileReference; explicitFileType = wrapper.application; includeInIndex = 0; path = "Story Movie.app"; sourceTree = BUILT_PRODUCTS_DIR; };
		50EFDB581E141BD800A1445A /* AppDelegate.swift */ = {isa = PBXFileReference; lastKnownFileType = sourcecode.swift; path = AppDelegate.swift; sourceTree = "<group>"; };
		50EFDB5A1E141BD800A1445A /* ViewControllerLogin.swift */ = {isa = PBXFileReference; lastKnownFileType = sourcecode.swift; path = ViewControllerLogin.swift; sourceTree = "<group>"; };
		50EFDB5D1E141BD800A1445A /* Base */ = {isa = PBXFileReference; lastKnownFileType = file.storyboard; name = Base; path = Base.lproj/Main.storyboard; sourceTree = "<group>"; };
		50EFDB5F1E141BD800A1445A /* Assets.xcassets */ = {isa = PBXFileReference; lastKnownFileType = folder.assetcatalog; path = Assets.xcassets; sourceTree = "<group>"; };
		50EFDB621E141BD800A1445A /* Base */ = {isa = PBXFileReference; lastKnownFileType = file.storyboard; name = Base; path = Base.lproj/LaunchScreen.storyboard; sourceTree = "<group>"; };
		50EFDB641E141BD800A1445A /* Info.plist */ = {isa = PBXFileReference; lastKnownFileType = text.plist.xml; path = Info.plist; sourceTree = "<group>"; };
		50EFDB691E141BD800A1445A /* Story MovieTests.xctest */ = {isa = PBXFileReference; explicitFileType = wrapper.cfbundle; includeInIndex = 0; path = "Story MovieTests.xctest"; sourceTree = BUILT_PRODUCTS_DIR; };
		50EFDB6D1E141BD800A1445A /* Story_MovieTests.swift */ = {isa = PBXFileReference; lastKnownFileType = sourcecode.swift; path = Story_MovieTests.swift; sourceTree = "<group>"; };
		50EFDB6F1E141BD800A1445A /* Info.plist */ = {isa = PBXFileReference; lastKnownFileType = text.plist.xml; path = Info.plist; sourceTree = "<group>"; };
		50EFDB741E141BD800A1445A /* Story MovieUITests.xctest */ = {isa = PBXFileReference; explicitFileType = wrapper.cfbundle; includeInIndex = 0; path = "Story MovieUITests.xctest"; sourceTree = BUILT_PRODUCTS_DIR; };
		50EFDB781E141BD800A1445A /* Story_MovieUITests.swift */ = {isa = PBXFileReference; lastKnownFileType = sourcecode.swift; path = Story_MovieUITests.swift; sourceTree = "<group>"; };
		50EFDB7A1E141BD800A1445A /* Info.plist */ = {isa = PBXFileReference; lastKnownFileType = text.plist.xml; path = Info.plist; sourceTree = "<group>"; };
		50F0119C1E14266800951E37 /* ViewControllerSignUp.swift */ = {isa = PBXFileReference; fileEncoding = 4; lastKnownFileType = sourcecode.swift; path = ViewControllerSignUp.swift; sourceTree = "<group>"; };
		50F0119E1E142C6500951E37 /* Constante.swift */ = {isa = PBXFileReference; fileEncoding = 4; lastKnownFileType = sourcecode.swift; path = Constante.swift; sourceTree = "<group>"; };
		50F011A01E142CFF00951E37 /* Movie.swift */ = {isa = PBXFileReference; fileEncoding = 4; lastKnownFileType = sourcecode.swift; path = Movie.swift; sourceTree = "<group>"; };
		50F011A21E142D1100951E37 /* Categorie.swift */ = {isa = PBXFileReference; fileEncoding = 4; lastKnownFileType = sourcecode.swift; path = Categorie.swift; sourceTree = "<group>"; };
		50F011A41E14316400951E37 /* TableViewCellDiscover.swift */ = {isa = PBXFileReference; fileEncoding = 4; lastKnownFileType = sourcecode.swift; name = TableViewCellDiscover.swift; path = ../TableViewCellDiscover.swift; sourceTree = "<group>"; };
		50F011A61E1433C700951E37 /* TableViewControllerDiscover.swift */ = {isa = PBXFileReference; fileEncoding = 4; lastKnownFileType = sourcecode.swift; path = TableViewControllerDiscover.swift; sourceTree = "<group>"; };
		50F011A81E14368D00951E37 /* CollectionViewCellMovie.swift */ = {isa = PBXFileReference; fileEncoding = 4; lastKnownFileType = sourcecode.swift; path = CollectionViewCellMovie.swift; sourceTree = "<group>"; };
		50F011AA1E14370B00951E37 /* ViewControllerMovie.swift */ = {isa = PBXFileReference; fileEncoding = 4; lastKnownFileType = sourcecode.swift; path = ViewControllerMovie.swift; sourceTree = "<group>"; };
		50F011AC1E145D1E00951E37 /* TableViewCellDescription.swift */ = {isa = PBXFileReference; fileEncoding = 4; lastKnownFileType = sourcecode.swift; path = TableViewCellDescription.swift; sourceTree = "<group>"; };
		50F011B01E146AA000951E37 /* CollectionViewCellFavorite.swift */ = {isa = PBXFileReference; fileEncoding = 4; lastKnownFileType = sourcecode.swift; path = CollectionViewCellFavorite.swift; sourceTree = "<group>"; };
		50F011B21E146AB500951E37 /* ViewControllerFavorite.swift */ = {isa = PBXFileReference; fileEncoding = 4; lastKnownFileType = sourcecode.swift; path = ViewControllerFavorite.swift; sourceTree = "<group>"; };
		50F011B41E1A557200951E37 /* TableViewControllerAbout.swift */ = {isa = PBXFileReference; fileEncoding = 4; lastKnownFileType = sourcecode.swift; path = TableViewControllerAbout.swift; sourceTree = "<group>"; };
		5DC6A46B0685DEF125941796 /* Pods-Story MovieTests.debug.xcconfig */ = {isa = PBXFileReference; includeInIndex = 1; lastKnownFileType = text.xcconfig; name = "Pods-Story MovieTests.debug.xcconfig"; path = "Pods/Target Support Files/Pods-Story MovieTests/Pods-Story MovieTests.debug.xcconfig"; sourceTree = "<group>"; };
		91BBD0327F15A6E5905CC624 /* Pods-Story MovieUITests.debug.xcconfig */ = {isa = PBXFileReference; includeInIndex = 1; lastKnownFileType = text.xcconfig; name = "Pods-Story MovieUITests.debug.xcconfig"; path = "Pods/Target Support Files/Pods-Story MovieUITests/Pods-Story MovieUITests.debug.xcconfig"; sourceTree = "<group>"; };
		C57D2CDD2A2274964A6B00EC /* Pods-Story Movie.release.xcconfig */ = {isa = PBXFileReference; includeInIndex = 1; lastKnownFileType = text.xcconfig; name = "Pods-Story Movie.release.xcconfig"; path = "Pods/Target Support Files/Pods-Story Movie/Pods-Story Movie.release.xcconfig"; sourceTree = "<group>"; };
		C60F2F6D8716CBC3247F6ECC /* Pods-Story MovieTests.release.xcconfig */ = {isa = PBXFileReference; includeInIndex = 1; lastKnownFileType = text.xcconfig; name = "Pods-Story MovieTests.release.xcconfig"; path = "Pods/Target Support Files/Pods-Story MovieTests/Pods-Story MovieTests.release.xcconfig"; sourceTree = "<group>"; };
		C78E755EAAB7DBF60A63C6E2 /* Pods_Story_MovieUITests.framework */ = {isa = PBXFileReference; explicitFileType = wrapper.framework; includeInIndex = 0; path = Pods_Story_MovieUITests.framework; sourceTree = BUILT_PRODUCTS_DIR; };
		EF1C41C663B8F937F5914A1D /* Pods-Story Movie.debug.xcconfig */ = {isa = PBXFileReference; includeInIndex = 1; lastKnownFileType = text.xcconfig; name = "Pods-Story Movie.debug.xcconfig"; path = "Pods/Target Support Files/Pods-Story Movie/Pods-Story Movie.debug.xcconfig"; sourceTree = "<group>"; };
		F0990D72D27BA8DE4BAC4BB1 /* Pods_Story_Movie.framework */ = {isa = PBXFileReference; explicitFileType = wrapper.framework; includeInIndex = 0; path = Pods_Story_Movie.framework; sourceTree = BUILT_PRODUCTS_DIR; };
/* End PBXFileReference section */

/* Begin PBXFrameworksBuildPhase section */
		50EFDB521E141BD800A1445A /* Frameworks */ = {
			isa = PBXFrameworksBuildPhase;
			buildActionMask = 2147483647;
			files = (
				505D35261E3612B200E7D95F /* libsqlite3.tbd in Frameworks */,
				505D35241E3612A600E7D95F /* libz.tbd in Frameworks */,
				505D35221E36129700E7D95F /* SystemConfiguration.framework in Frameworks */,
				505D35201E36128F00E7D95F /* StoreKit.framework in Frameworks */,
				505D351E1E36128700E7D95F /* Security.framework in Frameworks */,
				505D35291E36175700E7D95F /* Bolts.framework in Frameworks */,
				505D352A1E36175700E7D95F /* Parse.framework in Frameworks */,
				505D351C1E36127E00E7D95F /* QuartzCore.framework in Frameworks */,
				505D351A1E36127400E7D95F /* CoreGraphics.framework in Frameworks */,
				505D35181E36125C00E7D95F /* CFNetwork.framework in Frameworks */,
				505D35161E36124F00E7D95F /* AudioToolbox.framework in Frameworks */,
				0BF665215F038C1314DB9FCB /* Pods_Story_Movie.framework in Frameworks */,
			);
			runOnlyForDeploymentPostprocessing = 0;
		};
		50EFDB661E141BD800A1445A /* Frameworks */ = {
			isa = PBXFrameworksBuildPhase;
			buildActionMask = 2147483647;
			files = (
				1DD7D9483CC55BA332EE6E9F /* Pods_Story_MovieTests.framework in Frameworks */,
			);
			runOnlyForDeploymentPostprocessing = 0;
		};
		50EFDB711E141BD800A1445A /* Frameworks */ = {
			isa = PBXFrameworksBuildPhase;
			buildActionMask = 2147483647;
			files = (
				7935E92E4E4D35C560EA1130 /* Pods_Story_MovieUITests.framework in Frameworks */,
			);
			runOnlyForDeploymentPostprocessing = 0;
		};
/* End PBXFrameworksBuildPhase section */

/* Begin PBXGroup section */
		505D350F1E36116C00E7D95F /* Framework */ = {
			isa = PBXGroup;
			children = (
				505D35271E36175700E7D95F /* Bolts.framework */,
				505D35281E36175700E7D95F /* Parse.framework */,
			);
			name = Framework;
			sourceTree = "<group>";
		};
		505D35141E36124F00E7D95F /* Frameworks */ = {
			isa = PBXGroup;
			children = (
				505D35251E3612B200E7D95F /* libsqlite3.tbd */,
				505D35231E3612A600E7D95F /* libz.tbd */,
				505D35211E36129700E7D95F /* SystemConfiguration.framework */,
				505D351F1E36128F00E7D95F /* StoreKit.framework */,
				505D351D1E36128700E7D95F /* Security.framework */,
				505D351B1E36127E00E7D95F /* QuartzCore.framework */,
				505D35191E36127400E7D95F /* CoreGraphics.framework */,
				505D35171E36125C00E7D95F /* CFNetwork.framework */,
				505D35151E36124F00E7D95F /* AudioToolbox.framework */,
				F0990D72D27BA8DE4BAC4BB1 /* Pods_Story_Movie.framework */,
				187CF651BD6ADF8AC5B7218B /* Pods_Story_MovieTests.framework */,
				C78E755EAAB7DBF60A63C6E2 /* Pods_Story_MovieUITests.framework */,
			);
			name = Frameworks;
			sourceTree = "<group>";
		};
		50EFDB4C1E141BD800A1445A = {
			isa = PBXGroup;
			children = (
				505D350F1E36116C00E7D95F /* Framework */,
				50EFDB571E141BD800A1445A /* Story Movie */,
				50EFDB6C1E141BD800A1445A /* Story MovieTests */,
				50EFDB771E141BD800A1445A /* Story MovieUITests */,
				50EFDB561E141BD800A1445A /* Products */,
				505D35141E36124F00E7D95F /* Frameworks */,
				E6379AA8CA90D6A71A331892 /* Pods */,
			);
			sourceTree = "<group>";
		};
		50EFDB561E141BD800A1445A /* Products */ = {
			isa = PBXGroup;
			children = (
				50EFDB551E141BD800A1445A /* Story Movie.app */,
				50EFDB691E141BD800A1445A /* Story MovieTests.xctest */,
				50EFDB741E141BD800A1445A /* Story MovieUITests.xctest */,
			);
			name = Products;
			sourceTree = "<group>";
		};
		50EFDB571E141BD800A1445A /* Story Movie */ = {
			isa = PBXGroup;
			children = (
				50EFDB581E141BD800A1445A /* AppDelegate.swift */,
				50F011A01E142CFF00951E37 /* Movie.swift */,
				50F011A21E142D1100951E37 /* Categorie.swift */,
				50F0119E1E142C6500951E37 /* Constante.swift */,
				50EFDB5A1E141BD800A1445A /* ViewControllerLogin.swift */,
				50F0119C1E14266800951E37 /* ViewControllerSignUp.swift */,
				50C012E41E436161005612D1 /* ViewControllerResertMotDePasse.swift */,
				50F011A41E14316400951E37 /* TableViewCellDiscover.swift */,
				50F011A61E1433C700951E37 /* TableViewControllerDiscover.swift */,
				50F011A81E14368D00951E37 /* CollectionViewCellMovie.swift */,
				50F011AA1E14370B00951E37 /* ViewControllerMovie.swift */,
				50F011AC1E145D1E00951E37 /* TableViewCellDescription.swift */,
				504FD0731E83EE6E00D4CF16 /* TableViewControllerStaticDescription.swift */,
				50F011B01E146AA000951E37 /* CollectionViewCellFavorite.swift */,
				50F011B21E146AB500951E37 /* ViewControllerFavorite.swift */,
				504485B21E1BFBB60030C6B6 /* TableViewCellDF.swift */,
				504485B41E1BFBED0030C6B6 /* TableViewControllerDF.swift */,
				50F011B41E1A557200951E37 /* TableViewControllerAbout.swift */,
				50C01E421E1A86E000E63124 /* TableViewCellPolicy.swift */,
				50C01E441E1A86F500E63124 /* TableViewControllerPolicy.swift */,
				50EF34941E434467001F81F4 /* ViewControllerProfil.swift */,
				508C8CC61E487ED1003E17CA /* ViewControllerChangeEmail.swift */,
				50EFDB5C1E141BD800A1445A /* Main.storyboard */,
				50EFDB5F1E141BD800A1445A /* Assets.xcassets */,
				50EFDB611E141BD800A1445A /* LaunchScreen.storyboard */,
				50EFDB641E141BD800A1445A /* Info.plist */,
				505C1C241E575E2A00D192CB /* MRLibrary.playground */,
			);
			path = "Story Movie";
			sourceTree = "<group>";
		};
		50EFDB6C1E141BD800A1445A /* Story MovieTests */ = {
			isa = PBXGroup;
			children = (
				50EFDB6D1E141BD800A1445A /* Story_MovieTests.swift */,
				50EFDB6F1E141BD800A1445A /* Info.plist */,
			);
			path = "Story MovieTests";
			sourceTree = "<group>";
		};
		50EFDB771E141BD800A1445A /* Story MovieUITests */ = {
			isa = PBXGroup;
			children = (
				50EFDB781E141BD800A1445A /* Story_MovieUITests.swift */,
				50EFDB7A1E141BD800A1445A /* Info.plist */,
			);
			path = "Story MovieUITests";
			sourceTree = "<group>";
		};
		E6379AA8CA90D6A71A331892 /* Pods */ = {
			isa = PBXGroup;
			children = (
				EF1C41C663B8F937F5914A1D /* Pods-Story Movie.debug.xcconfig */,
				C57D2CDD2A2274964A6B00EC /* Pods-Story Movie.release.xcconfig */,
				5DC6A46B0685DEF125941796 /* Pods-Story MovieTests.debug.xcconfig */,
				C60F2F6D8716CBC3247F6ECC /* Pods-Story MovieTests.release.xcconfig */,
				91BBD0327F15A6E5905CC624 /* Pods-Story MovieUITests.debug.xcconfig */,
				22487B1E2C5F53434482A4CC /* Pods-Story MovieUITests.release.xcconfig */,
			);
			name = Pods;
			sourceTree = "<group>";
		};
/* End PBXGroup section */

/* Begin PBXNativeTarget section */
		50EFDB541E141BD800A1445A /* Story Movie */ = {
			isa = PBXNativeTarget;
			buildConfigurationList = 50EFDB7D1E141BD800A1445A /* Build configuration list for PBXNativeTarget "Story Movie" */;
			buildPhases = (
				DD5871DB38DD05921C3958D1 /* [CP] Check Pods Manifest.lock */,
				50EFDB511E141BD800A1445A /* Sources */,
				50EFDB521E141BD800A1445A /* Frameworks */,
				50EFDB531E141BD800A1445A /* Resources */,
				13ABBB560E817753D4F56A26 /* [CP] Embed Pods Frameworks */,
				BEA5E2A04F7ADACAA5D0C35F /* [CP] Copy Pods Resources */,
			);
			buildRules = (
			);
			dependencies = (
			);
			name = "Story Movie";
			productName = "Story Movie";
			productReference = 50EFDB551E141BD800A1445A /* Story Movie.app */;
			productType = "com.apple.product-type.application";
		};
		50EFDB681E141BD800A1445A /* Story MovieTests */ = {
			isa = PBXNativeTarget;
			buildConfigurationList = 50EFDB801E141BD800A1445A /* Build configuration list for PBXNativeTarget "Story MovieTests" */;
			buildPhases = (
				9AEC25C8E534ACF2873BDCFF /* [CP] Check Pods Manifest.lock */,
				50EFDB651E141BD800A1445A /* Sources */,
				50EFDB661E141BD800A1445A /* Frameworks */,
				50EFDB671E141BD800A1445A /* Resources */,
				4F3390E751B9AD4429828361 /* [CP] Embed Pods Frameworks */,
				CB661838E9AF4BD40F25A684 /* [CP] Copy Pods Resources */,
			);
			buildRules = (
			);
			dependencies = (
				50EFDB6B1E141BD800A1445A /* PBXTargetDependency */,
			);
			name = "Story MovieTests";
			productName = "Story MovieTests";
			productReference = 50EFDB691E141BD800A1445A /* Story MovieTests.xctest */;
			productType = "com.apple.product-type.bundle.unit-test";
		};
		50EFDB731E141BD800A1445A /* Story MovieUITests */ = {
			isa = PBXNativeTarget;
			buildConfigurationList = 50EFDB831E141BD800A1445A /* Build configuration list for PBXNativeTarget "Story MovieUITests" */;
			buildPhases = (
				B39CEC9969C791F79214E41F /* [CP] Check Pods Manifest.lock */,
				50EFDB701E141BD800A1445A /* Sources */,
				50EFDB711E141BD800A1445A /* Frameworks */,
				50EFDB721E141BD800A1445A /* Resources */,
				E887345DD91DA7D2CC06D499 /* [CP] Embed Pods Frameworks */,
				B677DEC456D167E19BA2B636 /* [CP] Copy Pods Resources */,
			);
			buildRules = (
			);
			dependencies = (
				50EFDB761E141BD800A1445A /* PBXTargetDependency */,
			);
			name = "Story MovieUITests";
			productName = "Story MovieUITests";
			productReference = 50EFDB741E141BD800A1445A /* Story MovieUITests.xctest */;
			productType = "com.apple.product-type.bundle.ui-testing";
		};
/* End PBXNativeTarget section */

/* Begin PBXProject section */
		50EFDB4D1E141BD800A1445A /* Project object */ = {
			isa = PBXProject;
			attributes = {
				LastSwiftUpdateCheck = 0820;
				LastUpgradeCheck = 0820;
				ORGANIZATIONNAME = "Maxime Ravau";
				TargetAttributes = {
					50EFDB541E141BD800A1445A = {
						CreatedOnToolsVersion = 8.2.1;
						DevelopmentTeam = HQJH2FAWDR;
						ProvisioningStyle = Automatic;
					};
					50EFDB681E141BD800A1445A = {
						CreatedOnToolsVersion = 8.2.1;
						DevelopmentTeam = TV7MS89DG8;
						ProvisioningStyle = Automatic;
						TestTargetID = 50EFDB541E141BD800A1445A;
					};
					50EFDB731E141BD800A1445A = {
						CreatedOnToolsVersion = 8.2.1;
						DevelopmentTeam = TV7MS89DG8;
						ProvisioningStyle = Automatic;
						TestTargetID = 50EFDB541E141BD800A1445A;
					};
				};
			};
			buildConfigurationList = 50EFDB501E141BD800A1445A /* Build configuration list for PBXProject "Story Movie" */;
			compatibilityVersion = "Xcode 3.2";
			developmentRegion = English;
			hasScannedForEncodings = 0;
			knownRegions = (
				en,
				Base,
			);
			mainGroup = 50EFDB4C1E141BD800A1445A;
			productRefGroup = 50EFDB561E141BD800A1445A /* Products */;
			projectDirPath = "";
			projectRoot = "";
			targets = (
				50EFDB541E141BD800A1445A /* Story Movie */,
				50EFDB681E141BD800A1445A /* Story MovieTests */,
				50EFDB731E141BD800A1445A /* Story MovieUITests */,
			);
		};
/* End PBXProject section */

/* Begin PBXResourcesBuildPhase section */
		50EFDB531E141BD800A1445A /* Resources */ = {
			isa = PBXResourcesBuildPhase;
			buildActionMask = 2147483647;
			files = (
				50EFDB631E141BD800A1445A /* LaunchScreen.storyboard in Resources */,
				50EFDB601E141BD800A1445A /* Assets.xcassets in Resources */,
				50EFDB5E1E141BD800A1445A /* Main.storyboard in Resources */,
			);
			runOnlyForDeploymentPostprocessing = 0;
		};
		50EFDB671E141BD800A1445A /* Resources */ = {
			isa = PBXResourcesBuildPhase;
			buildActionMask = 2147483647;
			files = (
			);
			runOnlyForDeploymentPostprocessing = 0;
		};
		50EFDB721E141BD800A1445A /* Resources */ = {
			isa = PBXResourcesBuildPhase;
			buildActionMask = 2147483647;
			files = (
			);
			runOnlyForDeploymentPostprocessing = 0;
		};
/* End PBXResourcesBuildPhase section */

/* Begin PBXShellScriptBuildPhase section */
		13ABBB560E817753D4F56A26 /* [CP] Embed Pods Frameworks */ = {
			isa = PBXShellScriptBuildPhase;
			buildActionMask = 2147483647;
			files = (
			);
			inputPaths = (
			);
			name = "[CP] Embed Pods Frameworks";
			outputPaths = (
			);
			runOnlyForDeploymentPostprocessing = 0;
			shellPath = /bin/sh;
			shellScript = "\"${SRCROOT}/Pods/Target Support Files/Pods-Story Movie/Pods-Story Movie-frameworks.sh\"\n";
			showEnvVarsInLog = 0;
		};
		4F3390E751B9AD4429828361 /* [CP] Embed Pods Frameworks */ = {
			isa = PBXShellScriptBuildPhase;
			buildActionMask = 2147483647;
			files = (
			);
			inputPaths = (
			);
			name = "[CP] Embed Pods Frameworks";
			outputPaths = (
			);
			runOnlyForDeploymentPostprocessing = 0;
			shellPath = /bin/sh;
			shellScript = "\"${SRCROOT}/Pods/Target Support Files/Pods-Story MovieTests/Pods-Story MovieTests-frameworks.sh\"\n";
			showEnvVarsInLog = 0;
		};
		9AEC25C8E534ACF2873BDCFF /* [CP] Check Pods Manifest.lock */ = {
			isa = PBXShellScriptBuildPhase;
			buildActionMask = 2147483647;
			files = (
			);
			inputPaths = (
			);
			name = "[CP] Check Pods Manifest.lock";
			outputPaths = (
			);
			runOnlyForDeploymentPostprocessing = 0;
			shellPath = /bin/sh;
			shellScript = "diff \"${PODS_ROOT}/../Podfile.lock\" \"${PODS_ROOT}/Manifest.lock\" > /dev/null\nif [ $? != 0 ] ; then\n    # print error to STDERR\n    echo \"error: The sandbox is not in sync with the Podfile.lock. Run 'pod install' or update your CocoaPods installation.\" >&2\n    exit 1\nfi\n";
			showEnvVarsInLog = 0;
		};
		B39CEC9969C791F79214E41F /* [CP] Check Pods Manifest.lock */ = {
			isa = PBXShellScriptBuildPhase;
			buildActionMask = 2147483647;
			files = (
			);
			inputPaths = (
			);
			name = "[CP] Check Pods Manifest.lock";
			outputPaths = (
			);
			runOnlyForDeploymentPostprocessing = 0;
			shellPath = /bin/sh;
			shellScript = "diff \"${PODS_ROOT}/../Podfile.lock\" \"${PODS_ROOT}/Manifest.lock\" > /dev/null\nif [ $? != 0 ] ; then\n    # print error to STDERR\n    echo \"error: The sandbox is not in sync with the Podfile.lock. Run 'pod install' or update your CocoaPods installation.\" >&2\n    exit 1\nfi\n";
			showEnvVarsInLog = 0;
		};
		B677DEC456D167E19BA2B636 /* [CP] Copy Pods Resources */ = {
			isa = PBXShellScriptBuildPhase;
			buildActionMask = 2147483647;
			files = (
			);
			inputPaths = (
			);
			name = "[CP] Copy Pods Resources";
			outputPaths = (
			);
			runOnlyForDeploymentPostprocessing = 0;
			shellPath = /bin/sh;
			shellScript = "\"${SRCROOT}/Pods/Target Support Files/Pods-Story MovieUITests/Pods-Story MovieUITests-resources.sh\"\n";
			showEnvVarsInLog = 0;
		};
		BEA5E2A04F7ADACAA5D0C35F /* [CP] Copy Pods Resources */ = {
			isa = PBXShellScriptBuildPhase;
			buildActionMask = 2147483647;
			files = (
			);
			inputPaths = (
			);
			name = "[CP] Copy Pods Resources";
			outputPaths = (
			);
			runOnlyForDeploymentPostprocessing = 0;
			shellPath = /bin/sh;
			shellScript = "\"${SRCROOT}/Pods/Target Support Files/Pods-Story Movie/Pods-Story Movie-resources.sh\"\n";
			showEnvVarsInLog = 0;
		};
		CB661838E9AF4BD40F25A684 /* [CP] Copy Pods Resources */ = {
			isa = PBXShellScriptBuildPhase;
			buildActionMask = 2147483647;
			files = (
			);
			inputPaths = (
			);
			name = "[CP] Copy Pods Resources";
			outputPaths = (
			);
			runOnlyForDeploymentPostprocessing = 0;
			shellPath = /bin/sh;
			shellScript = "\"${SRCROOT}/Pods/Target Support Files/Pods-Story MovieTests/Pods-Story MovieTests-resources.sh\"\n";
			showEnvVarsInLog = 0;
		};
		DD5871DB38DD05921C3958D1 /* [CP] Check Pods Manifest.lock */ = {
			isa = PBXShellScriptBuildPhase;
			buildActionMask = 2147483647;
			files = (
			);
			inputPaths = (
			);
			name = "[CP] Check Pods Manifest.lock";
			outputPaths = (
			);
			runOnlyForDeploymentPostprocessing = 0;
			shellPath = /bin/sh;
			shellScript = "diff \"${PODS_ROOT}/../Podfile.lock\" \"${PODS_ROOT}/Manifest.lock\" > /dev/null\nif [ $? != 0 ] ; then\n    # print error to STDERR\n    echo \"error: The sandbox is not in sync with the Podfile.lock. Run 'pod install' or update your CocoaPods installation.\" >&2\n    exit 1\nfi\n";
			showEnvVarsInLog = 0;
		};
		E887345DD91DA7D2CC06D499 /* [CP] Embed Pods Frameworks */ = {
			isa = PBXShellScriptBuildPhase;
			buildActionMask = 2147483647;
			files = (
			);
			inputPaths = (
			);
			name = "[CP] Embed Pods Frameworks";
			outputPaths = (
			);
			runOnlyForDeploymentPostprocessing = 0;
			shellPath = /bin/sh;
			shellScript = "\"${SRCROOT}/Pods/Target Support Files/Pods-Story MovieUITests/Pods-Story MovieUITests-frameworks.sh\"\n";
			showEnvVarsInLog = 0;
		};
/* End PBXShellScriptBuildPhase section */

/* Begin PBXSourcesBuildPhase section */
		50EFDB511E141BD800A1445A /* Sources */ = {
			isa = PBXSourcesBuildPhase;
			buildActionMask = 2147483647;
			files = (
				50F011A91E14368D00951E37 /* CollectionViewCellMovie.swift in Sources */,
				50F0119D1E14266800951E37 /* ViewControllerSignUp.swift in Sources */,
				50F011B11E146AA000951E37 /* CollectionViewCellFavorite.swift in Sources */,
				50F011B31E146AB500951E37 /* ViewControllerFavorite.swift in Sources */,
				50F0119F1E142C6500951E37 /* Constante.swift in Sources */,
				504FD0741E83EE6E00D4CF16 /* TableViewControllerStaticDescription.swift in Sources */,
				50EF34951E434467001F81F4 /* ViewControllerProfil.swift in Sources */,
				50F011AD1E145D1E00951E37 /* TableViewCellDescription.swift in Sources */,
				50C01E431E1A86E000E63124 /* TableViewCellPolicy.swift in Sources */,
				508C8CC71E487ED1003E17CA /* ViewControllerChangeEmail.swift in Sources */,
				50EFDB5B1E141BD800A1445A /* ViewControllerLogin.swift in Sources */,
				50C01E451E1A86F500E63124 /* TableViewControllerPolicy.swift in Sources */,
				50F011A31E142D1100951E37 /* Categorie.swift in Sources */,
				50F011AB1E14370B00951E37 /* ViewControllerMovie.swift in Sources */,
				50EFDB591E141BD800A1445A /* AppDelegate.swift in Sources */,
				50F011A11E142CFF00951E37 /* Movie.swift in Sources */,
				50F011B51E1A557200951E37 /* TableViewControllerAbout.swift in Sources */,
				504485B51E1BFBED0030C6B6 /* TableViewControllerDF.swift in Sources */,
				504485B31E1BFBB60030C6B6 /* TableViewCellDF.swift in Sources */,
				50F011A71E1433C700951E37 /* TableViewControllerDiscover.swift in Sources */,
				50F011A51E14316400951E37 /* TableViewCellDiscover.swift in Sources */,
				50C012E51E436161005612D1 /* ViewControllerResertMotDePasse.swift in Sources */,
			);
			runOnlyForDeploymentPostprocessing = 0;
		};
		50EFDB651E141BD800A1445A /* Sources */ = {
			isa = PBXSourcesBuildPhase;
			buildActionMask = 2147483647;
			files = (
				50EFDB6E1E141BD800A1445A /* Story_MovieTests.swift in Sources */,
			);
			runOnlyForDeploymentPostprocessing = 0;
		};
		50EFDB701E141BD800A1445A /* Sources */ = {
			isa = PBXSourcesBuildPhase;
			buildActionMask = 2147483647;
			files = (
				50EFDB791E141BD800A1445A /* Story_MovieUITests.swift in Sources */,
			);
			runOnlyForDeploymentPostprocessing = 0;
		};
/* End PBXSourcesBuildPhase section */

/* Begin PBXTargetDependency section */
		50EFDB6B1E141BD800A1445A /* PBXTargetDependency */ = {
			isa = PBXTargetDependency;
			target = 50EFDB541E141BD800A1445A /* Story Movie */;
			targetProxy = 50EFDB6A1E141BD800A1445A /* PBXContainerItemProxy */;
		};
		50EFDB761E141BD800A1445A /* PBXTargetDependency */ = {
			isa = PBXTargetDependency;
			target = 50EFDB541E141BD800A1445A /* Story Movie */;
			targetProxy = 50EFDB751E141BD800A1445A /* PBXContainerItemProxy */;
		};
/* End PBXTargetDependency section */

/* Begin PBXVariantGroup section */
		50EFDB5C1E141BD800A1445A /* Main.storyboard */ = {
			isa = PBXVariantGroup;
			children = (
				50EFDB5D1E141BD800A1445A /* Base */,
			);
			name = Main.storyboard;
			sourceTree = "<group>";
		};
		50EFDB611E141BD800A1445A /* LaunchScreen.storyboard */ = {
			isa = PBXVariantGroup;
			children = (
				50EFDB621E141BD800A1445A /* Base */,
			);
			name = LaunchScreen.storyboard;
			sourceTree = "<group>";
		};
/* End PBXVariantGroup section */

/* Begin XCBuildConfiguration section */
		50EFDB7B1E141BD800A1445A /* Debug */ = {
			isa = XCBuildConfiguration;
			buildSettings = {
				ALWAYS_SEARCH_USER_PATHS = NO;
				CLANG_ANALYZER_NONNULL = YES;
				CLANG_CXX_LANGUAGE_STANDARD = "gnu++0x";
				CLANG_CXX_LIBRARY = "libc++";
				CLANG_ENABLE_MODULES = YES;
				CLANG_ENABLE_OBJC_ARC = YES;
				CLANG_WARN_BOOL_CONVERSION = YES;
				CLANG_WARN_CONSTANT_CONVERSION = YES;
				CLANG_WARN_DIRECT_OBJC_ISA_USAGE = YES_ERROR;
				CLANG_WARN_DOCUMENTATION_COMMENTS = YES;
				CLANG_WARN_EMPTY_BODY = YES;
				CLANG_WARN_ENUM_CONVERSION = YES;
				CLANG_WARN_INFINITE_RECURSION = YES;
				CLANG_WARN_INT_CONVERSION = YES;
				CLANG_WARN_OBJC_ROOT_CLASS = YES_ERROR;
				CLANG_WARN_SUSPICIOUS_MOVE = YES;
				CLANG_WARN_UNREACHABLE_CODE = YES;
				CLANG_WARN__DUPLICATE_METHOD_MATCH = YES;
				"CODE_SIGN_IDENTITY[sdk=iphoneos*]" = "iPhone Developer";
				COPY_PHASE_STRIP = NO;
				DEBUG_INFORMATION_FORMAT = dwarf;
				ENABLE_STRICT_OBJC_MSGSEND = YES;
				ENABLE_TESTABILITY = YES;
				GCC_C_LANGUAGE_STANDARD = gnu99;
				GCC_DYNAMIC_NO_PIC = NO;
				GCC_NO_COMMON_BLOCKS = YES;
				GCC_OPTIMIZATION_LEVEL = 0;
				GCC_PREPROCESSOR_DEFINITIONS = (
					"DEBUG=1",
					"$(inherited)",
				);
				GCC_WARN_64_TO_32_BIT_CONVERSION = YES;
				GCC_WARN_ABOUT_RETURN_TYPE = YES_ERROR;
				GCC_WARN_UNDECLARED_SELECTOR = YES;
				GCC_WARN_UNINITIALIZED_AUTOS = YES_AGGRESSIVE;
				GCC_WARN_UNUSED_FUNCTION = YES;
				GCC_WARN_UNUSED_VARIABLE = YES;
				IPHONEOS_DEPLOYMENT_TARGET = 10.2;
				MTL_ENABLE_DEBUG_INFO = YES;
				ONLY_ACTIVE_ARCH = YES;
				SDKROOT = iphoneos;
				SWIFT_ACTIVE_COMPILATION_CONDITIONS = DEBUG;
				SWIFT_OPTIMIZATION_LEVEL = "-Onone";
			};
			name = Debug;
		};
		50EFDB7C1E141BD800A1445A /* Release */ = {
			isa = XCBuildConfiguration;
			buildSettings = {
				ALWAYS_SEARCH_USER_PATHS = NO;
				CLANG_ANALYZER_NONNULL = YES;
				CLANG_CXX_LANGUAGE_STANDARD = "gnu++0x";
				CLANG_CXX_LIBRARY = "libc++";
				CLANG_ENABLE_MODULES = YES;
				CLANG_ENABLE_OBJC_ARC = YES;
				CLANG_WARN_BOOL_CONVERSION = YES;
				CLANG_WARN_CONSTANT_CONVERSION = YES;
				CLANG_WARN_DIRECT_OBJC_ISA_USAGE = YES_ERROR;
				CLANG_WARN_DOCUMENTATION_COMMENTS = YES;
				CLANG_WARN_EMPTY_BODY = YES;
				CLANG_WARN_ENUM_CONVERSION = YES;
				CLANG_WARN_INFINITE_RECURSION = YES;
				CLANG_WARN_INT_CONVERSION = YES;
				CLANG_WARN_OBJC_ROOT_CLASS = YES_ERROR;
				CLANG_WARN_SUSPICIOUS_MOVE = YES;
				CLANG_WARN_UNREACHABLE_CODE = YES;
				CLANG_WARN__DUPLICATE_METHOD_MATCH = YES;
				"CODE_SIGN_IDENTITY[sdk=iphoneos*]" = "iPhone Developer";
				COPY_PHASE_STRIP = NO;
				DEBUG_INFORMATION_FORMAT = "dwarf-with-dsym";
				ENABLE_NS_ASSERTIONS = NO;
				ENABLE_STRICT_OBJC_MSGSEND = YES;
				GCC_C_LANGUAGE_STANDARD = gnu99;
				GCC_NO_COMMON_BLOCKS = YES;
				GCC_WARN_64_TO_32_BIT_CONVERSION = YES;
				GCC_WARN_ABOUT_RETURN_TYPE = YES_ERROR;
				GCC_WARN_UNDECLARED_SELECTOR = YES;
				GCC_WARN_UNINITIALIZED_AUTOS = YES_AGGRESSIVE;
				GCC_WARN_UNUSED_FUNCTION = YES;
				GCC_WARN_UNUSED_VARIABLE = YES;
				IPHONEOS_DEPLOYMENT_TARGET = 10.2;
				MTL_ENABLE_DEBUG_INFO = NO;
				SDKROOT = iphoneos;
				SWIFT_OPTIMIZATION_LEVEL = "-Owholemodule";
				VALIDATE_PRODUCT = YES;
			};
			name = Release;
		};
		50EFDB7E1E141BD800A1445A /* Debug */ = {
			isa = XCBuildConfiguration;
			baseConfigurationReference = EF1C41C663B8F937F5914A1D /* Pods-Story Movie.debug.xcconfig */;
			buildSettings = {
				ASSETCATALOG_COMPILER_APPICON_NAME = AppIcon13;
				"CODE_SIGN_IDENTITY[sdk=iphoneos*]" = "iPhone Developer";
				DEVELOPMENT_TEAM = HQJH2FAWDR;
				FRAMEWORK_SEARCH_PATHS = (
					"$(inherited)",
					"$(PROJECT_DIR)",
				);
				INFOPLIST_FILE = "Story Movie/Info.plist";
				LD_RUNPATH_SEARCH_PATHS = "$(inherited) @executable_path/Frameworks";
				PRODUCT_BUNDLE_IDENTIFIER = MaximeRavau.StoryMovie;
				PRODUCT_NAME = "$(TARGET_NAME)";
				SWIFT_VERSION = 3.0;
			};
			name = Debug;
		};
		50EFDB7F1E141BD800A1445A /* Release */ = {
			isa = XCBuildConfiguration;
			baseConfigurationReference = C57D2CDD2A2274964A6B00EC /* Pods-Story Movie.release.xcconfig */;
			buildSettings = {
				ASSETCATALOG_COMPILER_APPICON_NAME = AppIcon13;
				"CODE_SIGN_IDENTITY[sdk=iphoneos*]" = "iPhone Developer";
				DEVELOPMENT_TEAM = HQJH2FAWDR;
				FRAMEWORK_SEARCH_PATHS = (
					"$(inherited)",
					"$(PROJECT_DIR)",
				);
				INFOPLIST_FILE = "Story Movie/Info.plist";
				LD_RUNPATH_SEARCH_PATHS = "$(inherited) @executable_path/Frameworks";
				PRODUCT_BUNDLE_IDENTIFIER = MaximeRavau.StoryMovie;
				PRODUCT_NAME = "$(TARGET_NAME)";
				SWIFT_VERSION = 3.0;
			};
			name = Release;
		};
		50EFDB811E141BD800A1445A /* Debug */ = {
			isa = XCBuildConfiguration;
			baseConfigurationReference = 5DC6A46B0685DEF125941796 /* Pods-Story MovieTests.debug.xcconfig */;
			buildSettings = {
				ALWAYS_EMBED_SWIFT_STANDARD_LIBRARIES = YES;
				BUNDLE_LOADER = "$(TEST_HOST)";
				DEVELOPMENT_TEAM = TV7MS89DG8;
				INFOPLIST_FILE = "Story MovieTests/Info.plist";
				LD_RUNPATH_SEARCH_PATHS = "$(inherited) @executable_path/Frameworks @loader_path/Frameworks";
				PRODUCT_BUNDLE_IDENTIFIER = "Maxime-Ravau.Story-MovieTests";
				PRODUCT_NAME = "$(TARGET_NAME)";
				SWIFT_VERSION = 3.0;
				TEST_HOST = "$(BUILT_PRODUCTS_DIR)/Story Movie.app/Story Movie";
			};
			name = Debug;
		};
		50EFDB821E141BD800A1445A /* Release */ = {
			isa = XCBuildConfiguration;
			baseConfigurationReference = C60F2F6D8716CBC3247F6ECC /* Pods-Story MovieTests.release.xcconfig */;
			buildSettings = {
				ALWAYS_EMBED_SWIFT_STANDARD_LIBRARIES = YES;
				BUNDLE_LOADER = "$(TEST_HOST)";
				DEVELOPMENT_TEAM = TV7MS89DG8;
				INFOPLIST_FILE = "Story MovieTests/Info.plist";
				LD_RUNPATH_SEARCH_PATHS = "$(inherited) @executable_path/Frameworks @loader_path/Frameworks";
				PRODUCT_BUNDLE_IDENTIFIER = "Maxime-Ravau.Story-MovieTests";
				PRODUCT_NAME = "$(TARGET_NAME)";
				SWIFT_VERSION = 3.0;
				TEST_HOST = "$(BUILT_PRODUCTS_DIR)/Story Movie.app/Story Movie";
			};
			name = Release;
		};
		50EFDB841E141BD800A1445A /* Debug */ = {
			isa = XCBuildConfiguration;
			baseConfigurationReference = 91BBD0327F15A6E5905CC624 /* Pods-Story MovieUITests.debug.xcconfig */;
			buildSettings = {
				ALWAYS_EMBED_SWIFT_STANDARD_LIBRARIES = YES;
				DEVELOPMENT_TEAM = TV7MS89DG8;
				INFOPLIST_FILE = "Story MovieUITests/Info.plist";
				LD_RUNPATH_SEARCH_PATHS = "$(inherited) @executable_path/Frameworks @loader_path/Frameworks";
				PRODUCT_BUNDLE_IDENTIFIER = "Maxime-Ravau.Story-MovieUITests";
				PRODUCT_NAME = "$(TARGET_NAME)";
				SWIFT_VERSION = 3.0;
				TEST_TARGET_NAME = "Story Movie";
			};
			name = Debug;
		};
		50EFDB851E141BD800A1445A /* Release */ = {
			isa = XCBuildConfiguration;
			baseConfigurationReference = 22487B1E2C5F53434482A4CC /* Pods-Story MovieUITests.release.xcconfig */;
			buildSettings = {
				ALWAYS_EMBED_SWIFT_STANDARD_LIBRARIES = YES;
				DEVELOPMENT_TEAM = TV7MS89DG8;
				INFOPLIST_FILE = "Story MovieUITests/Info.plist";
				LD_RUNPATH_SEARCH_PATHS = "$(inherited) @executable_path/Frameworks @loader_path/Frameworks";
				PRODUCT_BUNDLE_IDENTIFIER = "Maxime-Ravau.Story-MovieUITests";
				PRODUCT_NAME = "$(TARGET_NAME)";
				SWIFT_VERSION = 3.0;
				TEST_TARGET_NAME = "Story Movie";
			};
			name = Release;
		};
/* End XCBuildConfiguration section */

/* Begin XCConfigurationList section */
		50EFDB501E141BD800A1445A /* Build configuration list for PBXProject "Story Movie" */ = {
			isa = XCConfigurationList;
			buildConfigurations = (
				50EFDB7B1E141BD800A1445A /* Debug */,
				50EFDB7C1E141BD800A1445A /* Release */,
			);
			defaultConfigurationIsVisible = 0;
			defaultConfigurationName = Release;
		};
		50EFDB7D1E141BD800A1445A /* Build configuration list for PBXNativeTarget "Story Movie" */ = {
			isa = XCConfigurationList;
			buildConfigurations = (
				50EFDB7E1E141BD800A1445A /* Debug */,
				50EFDB7F1E141BD800A1445A /* Release */,
			);
			defaultConfigurationIsVisible = 0;
			defaultConfigurationName = Release;
		};
		50EFDB801E141BD800A1445A /* Build configuration list for PBXNativeTarget "Story MovieTests" */ = {
			isa = XCConfigurationList;
			buildConfigurations = (
				50EFDB811E141BD800A1445A /* Debug */,
				50EFDB821E141BD800A1445A /* Release */,
			);
			defaultConfigurationIsVisible = 0;
			defaultConfigurationName = Release;
		};
		50EFDB831E141BD800A1445A /* Build configuration list for PBXNativeTarget "Story MovieUITests" */ = {
			isa = XCConfigurationList;
			buildConfigurations = (
				50EFDB841E141BD800A1445A /* Debug */,
				50EFDB851E141BD800A1445A /* Release */,
			);
			defaultConfigurationIsVisible = 0;
			defaultConfigurationName = Release;
		};
/* End XCConfigurationList section */
	};
	rootObject = 50EFDB4D1E141BD800A1445A /* Project object */;
}
